
Microsoft Visual Studio Solution File, Format Version 12.00
Project("{FAE04EC0-301F-11D3-BF4B-00C04F79EFBC}") = "lab3", "lab3\lab3.csproj", "{4CDBB0E3-B0A4-4856-BFA1-C1C08918CB01}"
EndProject
Global
	GlobalSection(SolutionConfigurationPlatforms) = preSolution
		Debug|Any CPU = Debug|Any CPU
		Release|Any CPU = Release|Any CPU
	EndGlobalSection
	GlobalSection(ProjectConfigurationPlatforms) = postSolution
		{4CDBB0E3-B0A4-4856-BFA1-C1C08918CB01}.Debug|Any CPU.ActiveCfg = Debug|Any CPU
		{4CDBB0E3-B0A4-4856-BFA1-C1C08918CB01}.Debug|Any CPU.Build.0 = Debug|Any CPU
		{4CDBB0E3-B0A4-4856-BFA1-C1C08918CB01}.Release|Any CPU.ActiveCfg = Release|Any CPU
		{4CDBB0E3-B0A4-4856-BFA1-C1C08918CB01}.Release|Any CPU.Build.0 = Release|Any CPU
	EndGlobalSection
EndGlobal
