Microsoft Visual Studio Solution File, Format Version 12.00
Project("{FAE04EC0-301F-11D3-BF4B-00C04F79EFBC}") = "ClassLibrary1 lab 2", "ClassLibrary1 lab 2 \ClassLibrary1 lab 2.csproj", "{3B286BC6-8B9A-47E3-B152-8E74BDC998FD}"
EndProject
Project("{FAE04EC0-301F-11D3-BF4B-00C04F79EFBC}") = "ClientApp", "ClientApp\ClientApp.csproj", "{A1B2C3D4-1234-47E3-B152-8E74BDC998FD}"
EndProject
Global
	GlobalSection(SolutionConfigurationPlatforms) = preSolution
		Debug|Any CPU = Debug|Any CPU
		Release|Any CPU = Release|Any CPU
	EndGlobalSection
	GlobalSection(ProjectConfigurationPlatforms) = postSolution
		{3B286BC6-8B9A-47E3-B152-8E74BDC998FD}.Debug|Any CPU.ActiveCfg = Debug|Any CPU
		{3B286BC6-8B9A-47E3-B152-8E74BDC998FD}.Debug|Any CPU.Build.0 = Debug|Any CPU
		{3B286BC6-8B9A-47E3-B152-8E74BDC998FD}.Release|Any CPU.ActiveCfg = Release|Any CPU
		{3B286BC6-8B9A-47E3-B152-8E74BDC998FD}.Release|Any CPU.Build.0 = Release|Any CPU
		{A1B2C3D4-1234-47E3-B152-8E74BDC998FD}.Debug|Any CPU.ActiveCfg = Debug|Any CPU
		{A1B2C3D4-1234-47E3-B152-8E74BDC998FD}.Debug|Any CPU.Build.0 = Debug|Any CPU
		{A1B2C3D4-1234-47E3-B152-8E74BDC998FD}.Release|Any CPU.ActiveCfg = Release|Any CPU
		{A1B2C3D4-1234-47E3-B152-8E74BDC998FD}.Release|Any CPU.Build.0 = Release|Any CPU
	EndGlobalSection
	GlobalSection(SolutionProperties) = preSolution
		HideSolutionNode = FALSE
	EndGlobalSection
EndGlobal
